{
  "requires": true,
  "lockfileVersion": 1,
  "dependencies": {
    "botdispatch": {
      "version": "1.6.9",
      "resolved": "https://registry.npmjs.org/botdispatch/-/botdispatch-1.6.9.tgz",
      "integrity": "sha512-CiidjrSOFxaBvgiijH6k/4o/gDyPKqmj7hi4oBaGoAnX1b79rYah0sNaiwZGetpAAARB6mgnV2px+GgZPt/Xdg==",
      "requires": {
        "dotnet-2.1": "^2.1.0"
      }
    },
    "dotnet-2.1": {
      "version": "2.1.1005",
      "resolved": "https://registry.npmjs.org/dotnet-2.1/-/dotnet-2.1-2.1.1005.tgz",
      "integrity": "sha512-dwS5/msZNOBSfoIEmgvt3uxlx1MMiwMUxkiuyiuaMulM6gWmPlea5FyfWt4gdYjl1a5twKmeo748n8s9l13qtQ=="
    }
  }
}
